
Microsoft Visual Studio Solution File, Format Version 12.00
# Visual Studio Version 17
VisualStudioVersion = 17.11.35312.102
MinimumVisualStudioVersion = 10.0.40219.1
Project("{9A19103F-16F7-4668-BE54-9A1E7A4F7556}") = "PizzaLab.Web", "PizzaLab.Web\PizzaLab.Web.csproj", "{6E6CBED5-2004-4025-9CCB-B237EA0E04DE}"
EndProject
Project("{9A19103F-16F7-4668-BE54-9A1E7A4F7556}") = "PizzaLab.Common", "PizzaLab.Common\PizzaLab.Common.csproj", "{838D22F7-6EA6-4559-9CC1-200C9F7E031E}"
EndProject
Project("{9A19103F-16F7-4668-BE54-9A1E7A4F7556}") = "PizzaLab.Data", "PizzaLab.Data\PizzaLab.Data.csproj", "{6F06D957-773F-4D68-8B2D-167D94961642}"
EndProject
Project("{9A19103F-16F7-4668-BE54-9A1E7A4F7556}") = "PizzaLab.Data.Models", "PizzaLab.Data.Models\PizzaLab.Data.Models.csproj", "{7B8A70BD-16B2-4BCB-8B9E-3CB337B4CAF3}"
EndProject
Project("{9A19103F-16F7-4668-BE54-9A1E7A4F7556}") = "PizzaLab.Services.Data", "PizzaLab.Services.Data\PizzaLab.Services.Data.csproj", "{BB88A757-8E41-4394-ADDA-94A17ADD0BF1}"
EndProject
Project("{9A19103F-16F7-4668-BE54-9A1E7A4F7556}") = "PizzaLab.Web.ViewModels", "PizzaLab.Web.ViewModels\PizzaLab.Web.ViewModels.csproj", "{867FF8F3-07E0-470C-901B-9B688FA95B6E}"
EndProject
Project("{9A19103F-16F7-4668-BE54-9A1E7A4F7556}") = "PizzaLab.Web.Infrastructure", "PizzaLab.Web.Infrastructure\PizzaLab.Web.Infrastructure.csproj", "{8DBF2AE8-C56D-41EB-8CB5-CC3226EBB1E5}"
EndProject
Project("{9A19103F-16F7-4668-BE54-9A1E7A4F7556}") = "PizzaLab.Services.Data.Models", "PizzaLab.Services.Data.Models\PizzaLab.Services.Data.Models.csproj", "{6ED756A7-2F48-4FAB-896D-17F1236F5D5C}"
EndProject
Project("{9A19103F-16F7-4668-BE54-9A1E7A4F7556}") = "PizzaLab.Services.Tests", "PizzaLab.Services.Tests\PizzaLab.Services.Tests.csproj", "{EF8287E1-CB93-4DF6-9773-664075283963}"
EndProject
Project("{2150E333-8FDC-42A3-9474-1A3956D46DE8}") = "Data", "Data", "{0FB473AB-0703-4D98-8CC2-25544AD30E56}"
EndProject
Project("{2150E333-8FDC-42A3-9474-1A3956D46DE8}") = "Web", "Web", "{6D9EF27B-2DBA-4787-8939-279DEE95C95A}"
EndProject
Project("{2150E333-8FDC-42A3-9474-1A3956D46DE8}") = "Services", "Services", "{332ACA1C-2F4D-4377-9DBF-2A79DC12B0A1}"
EndProject
Project("{2150E333-8FDC-42A3-9474-1A3956D46DE8}") = "Tests", "Tests", "{78386EFE-433A-4C94-AF66-DDCBAB72F70E}"
EndProject
Global
	GlobalSection(SolutionConfigurationPlatforms) = preSolution
		Debug|Any CPU = Debug|Any CPU
		Release|Any CPU = Release|Any CPU
	EndGlobalSection
	GlobalSection(ProjectConfigurationPlatforms) = postSolution
		{6E6CBED5-2004-4025-9CCB-B237EA0E04DE}.Debug|Any CPU.ActiveCfg = Debug|Any CPU
		{6E6CBED5-2004-4025-9CCB-B237EA0E04DE}.Debug|Any CPU.Build.0 = Debug|Any CPU
		{6E6CBED5-2004-4025-9CCB-B237EA0E04DE}.Release|Any CPU.ActiveCfg = Release|Any CPU
		{6E6CBED5-2004-4025-9CCB-B237EA0E04DE}.Release|Any CPU.Build.0 = Release|Any CPU
		{838D22F7-6EA6-4559-9CC1-200C9F7E031E}.Debug|Any CPU.ActiveCfg = Debug|Any CPU
		{838D22F7-6EA6-4559-9CC1-200C9F7E031E}.Debug|Any CPU.Build.0 = Debug|Any CPU
		{838D22F7-6EA6-4559-9CC1-200C9F7E031E}.Release|Any CPU.ActiveCfg = Release|Any CPU
		{838D22F7-6EA6-4559-9CC1-200C9F7E031E}.Release|Any CPU.Build.0 = Release|Any CPU
		{6F06D957-773F-4D68-8B2D-167D94961642}.Debug|Any CPU.ActiveCfg = Debug|Any CPU
		{6F06D957-773F-4D68-8B2D-167D94961642}.Debug|Any CPU.Build.0 = Debug|Any CPU
		{6F06D957-773F-4D68-8B2D-167D94961642}.Release|Any CPU.ActiveCfg = Release|Any CPU
		{6F06D957-773F-4D68-8B2D-167D94961642}.Release|Any CPU.Build.0 = Release|Any CPU
		{7B8A70BD-16B2-4BCB-8B9E-3CB337B4CAF3}.Debug|Any CPU.ActiveCfg = Debug|Any CPU
		{7B8A70BD-16B2-4BCB-8B9E-3CB337B4CAF3}.Debug|Any CPU.Build.0 = Debug|Any CPU
		{7B8A70BD-16B2-4BCB-8B9E-3CB337B4CAF3}.Release|Any CPU.ActiveCfg = Release|Any CPU
		{7B8A70BD-16B2-4BCB-8B9E-3CB337B4CAF3}.Release|Any CPU.Build.0 = Release|Any CPU
		{BB88A757-8E41-4394-ADDA-94A17ADD0BF1}.Debug|Any CPU.ActiveCfg = Debug|Any CPU
		{BB88A757-8E41-4394-ADDA-94A17ADD0BF1}.Debug|Any CPU.Build.0 = Debug|Any CPU
		{BB88A757-8E41-4394-ADDA-94A17ADD0BF1}.Release|Any CPU.ActiveCfg = Release|Any CPU
		{BB88A757-8E41-4394-ADDA-94A17ADD0BF1}.Release|Any CPU.Build.0 = Release|Any CPU
		{867FF8F3-07E0-470C-901B-9B688FA95B6E}.Debug|Any CPU.ActiveCfg = Debug|Any CPU
		{867FF8F3-07E0-470C-901B-9B688FA95B6E}.Debug|Any CPU.Build.0 = Debug|Any CPU
		{867FF8F3-07E0-470C-901B-9B688FA95B6E}.Release|Any CPU.ActiveCfg = Release|Any CPU
		{867FF8F3-07E0-470C-901B-9B688FA95B6E}.Release|Any CPU.Build.0 = Release|Any CPU
		{8DBF2AE8-C56D-41EB-8CB5-CC3226EBB1E5}.Debug|Any CPU.ActiveCfg = Debug|Any CPU
		{8DBF2AE8-C56D-41EB-8CB5-CC3226EBB1E5}.Debug|Any CPU.Build.0 = Debug|Any CPU
		{8DBF2AE8-C56D-41EB-8CB5-CC3226EBB1E5}.Release|Any CPU.ActiveCfg = Release|Any CPU
		{8DBF2AE8-C56D-41EB-8CB5-CC3226EBB1E5}.Release|Any CPU.Build.0 = Release|Any CPU
		{6ED756A7-2F48-4FAB-896D-17F1236F5D5C}.Debug|Any CPU.ActiveCfg = Debug|Any CPU
		{6ED756A7-2F48-4FAB-896D-17F1236F5D5C}.Debug|Any CPU.Build.0 = Debug|Any CPU
		{6ED756A7-2F48-4FAB-896D-17F1236F5D5C}.Release|Any CPU.ActiveCfg = Release|Any CPU
		{6ED756A7-2F48-4FAB-896D-17F1236F5D5C}.Release|Any CPU.Build.0 = Release|Any CPU
		{EF8287E1-CB93-4DF6-9773-664075283963}.Debug|Any CPU.ActiveCfg = Debug|Any CPU
		{EF8287E1-CB93-4DF6-9773-664075283963}.Debug|Any CPU.Build.0 = Debug|Any CPU
		{EF8287E1-CB93-4DF6-9773-664075283963}.Release|Any CPU.ActiveCfg = Release|Any CPU
		{EF8287E1-CB93-4DF6-9773-664075283963}.Release|Any CPU.Build.0 = Release|Any CPU
	EndGlobalSection
	GlobalSection(SolutionProperties) = preSolution
		HideSolutionNode = FALSE
	EndGlobalSection
	GlobalSection(NestedProjects) = preSolution
		{6E6CBED5-2004-4025-9CCB-B237EA0E04DE} = {6D9EF27B-2DBA-4787-8939-279DEE95C95A}
		{6F06D957-773F-4D68-8B2D-167D94961642} = {0FB473AB-0703-4D98-8CC2-25544AD30E56}
		{7B8A70BD-16B2-4BCB-8B9E-3CB337B4CAF3} = {0FB473AB-0703-4D98-8CC2-25544AD30E56}
		{BB88A757-8E41-4394-ADDA-94A17ADD0BF1} = {332ACA1C-2F4D-4377-9DBF-2A79DC12B0A1}
		{867FF8F3-07E0-470C-901B-9B688FA95B6E} = {6D9EF27B-2DBA-4787-8939-279DEE95C95A}
		{8DBF2AE8-C56D-41EB-8CB5-CC3226EBB1E5} = {6D9EF27B-2DBA-4787-8939-279DEE95C95A}
		{6ED756A7-2F48-4FAB-896D-17F1236F5D5C} = {332ACA1C-2F4D-4377-9DBF-2A79DC12B0A1}
		{EF8287E1-CB93-4DF6-9773-664075283963} = {78386EFE-433A-4C94-AF66-DDCBAB72F70E}
	EndGlobalSection
	GlobalSection(ExtensibilityGlobals) = postSolution
		SolutionGuid = {DFD37100-D2FD-4C08-B694-9D58B0EA523F}
	EndGlobalSection
EndGlobal
